
Microsoft Visual Studio Solution File, Format Version 12.00
# Visual Studio Version 17
VisualStudioVersion = 17.8.34601.278
MinimumVisualStudioVersion = 10.0.40219.1
Project("{FAE04EC0-301F-11D3-BF4B-00C04F79EFBC}") = "TCPServer", "TCPServer\TCPServer.csproj", "{7566C00F-AB12-4466-BA10-48D1DD16A406}"
EndProject
Project("{FAE04EC0-301F-11D3-BF4B-00C04F79EFBC}") = "TCPClient", "TCPClient\TCPClient.csproj", "{D77C8AB1-F646-4308-8879-97E5FA1D0B94}"
EndProject
Global
	GlobalSection(SolutionConfigurationPlatforms) = preSolution
		Debug|Any CPU = Debug|Any CPU
		Release|Any CPU = Release|Any CPU
	EndGlobalSection
	GlobalSection(ProjectConfigurationPlatforms) = postSolution
		{7566C00F-AB12-4466-BA10-48D1DD16A406}.Debug|Any CPU.ActiveCfg = Debug|Any CPU
		{7566C00F-AB12-4466-BA10-48D1DD16A406}.Debug|Any CPU.Build.0 = Debug|Any CPU
		{7566C00F-AB12-4466-BA10-48D1DD16A406}.Release|Any CPU.ActiveCfg = Release|Any CPU
		{7566C00F-AB12-4466-BA10-48D1DD16A406}.Release|Any CPU.Build.0 = Release|Any CPU
		{D77C8AB1-F646-4308-8879-97E5FA1D0B94}.Debug|Any CPU.ActiveCfg = Debug|Any CPU
		{D77C8AB1-F646-4308-8879-97E5FA1D0B94}.Debug|Any CPU.Build.0 = Debug|Any CPU
		{D77C8AB1-F646-4308-8879-97E5FA1D0B94}.Release|Any CPU.ActiveCfg = Release|Any CPU
		{D77C8AB1-F646-4308-8879-97E5FA1D0B94}.Release|Any CPU.Build.0 = Release|Any CPU
	EndGlobalSection
	GlobalSection(SolutionProperties) = preSolution
		HideSolutionNode = FALSE
	EndGlobalSection
	GlobalSection(ExtensibilityGlobals) = postSolution
		SolutionGuid = {E1CE6A51-A6FF-426C-B57B-DF44EF3667B9}
	EndGlobalSection
EndGlobal
